
Microsoft Visual Studio Solution File, Format Version 12.00
# Visual Studio Version 17
VisualStudioVersion = 17.11.35208.52
MinimumVisualStudioVersion = 10.0.40219.1
Project("{2150E333-8FDC-42A3-9474-1A3956D46DE8}") = "Core", "Core", "{F01E61C7-86ED-4882-BC0B-0E69DC29301D}"
EndProject
Project("{9A19103F-16F7-4668-BE54-9A1E7A4F7556}") = "RentACar.Domain", "Core\RentACar.Domain\RentACar.Domain.csproj", "{19D84521-6725-4454-A902-8F176B31B1AF}"
EndProject
Project("{2150E333-8FDC-42A3-9474-1A3956D46DE8}") = "Infrastructure", "Infrastructure", "{2EC628F3-FE0A-4B35-91C8-CEDE7896EB1E}"
EndProject
Project("{9A19103F-16F7-4668-BE54-9A1E7A4F7556}") = "RentACar.Persistence", "Infrastructure\RentACar.Persistence\RentACar.Persistence.csproj", "{B54F5295-B891-428C-82AD-07A046D04114}"
EndProject
Project("{2150E333-8FDC-42A3-9474-1A3956D46DE8}") = "Presentation", "Presentation", "{B4E09B7B-7F57-49C2-8028-92DB636B5F1A}"
EndProject
Project("{9A19103F-16F7-4668-BE54-9A1E7A4F7556}") = "RentACar.WebApi", "Presentation\RentACar.WebApi\RentACar.WebApi.csproj", "{D93022D2-9BA6-422F-A588-B4845B9CD506}"
EndProject
Project("{9A19103F-16F7-4668-BE54-9A1E7A4F7556}") = "RentACar.Application", "Core\RentACar.Application\RentACar.Application.csproj", "{9D078328-6336-4D57-840B-8D201DCAC689}"
EndProject
Project("{9A19103F-16F7-4668-BE54-9A1E7A4F7556}") = "RentACar.DependencyResolvers", "DependencyResolvers\RentACar.DependencyResolvers.csproj", "{36BC10B8-B12D-47EE-8BF5-0CEDBB04A7B4}"
EndProject
Project("{2150E333-8FDC-42A3-9474-1A3956D46DE8}") = "src", "src", "{4F526A9A-A352-4243-B12B-176183CDDE5E}"
EndProject
Project("{2150E333-8FDC-42A3-9474-1A3956D46DE8}") = "Shared", "Shared", "{02EA681E-C7D8-13C7-8484-4AC65E1B71E8}"
EndProject
Project("{FAE04EC0-301F-11D3-BF4B-00C04F79EFBC}") = "RentACar.Common", "RentACar.Common\RentACar.Common.csproj", "{65B2F54C-DC73-46E9-A863-D76F1BB718EE}"
EndProject
Project("{FAE04EC0-301F-11D3-BF4B-00C04F79EFBC}") = "RentACar.Infrastructure", "RentACar.Infrastructure\RentACar.Infrastructure.csproj", "{8CF28C20-9C78-4AC9-889C-75129BFEFDC5}"
EndProject
Project("{FAE04EC0-301F-11D3-BF4B-00C04F79EFBC}") = "RentACar.MVC", "RentACar.MVC\RentACar.MVC.csproj", "{577538CD-77FF-4C89-AFB4-452473DC52A6}"
EndProject
Project("{2150E333-8FDC-42A3-9474-1A3956D46DE8}") = "tests", "tests", "{EEE2592A-EA5D-48D9-86BF-F8D5F503B638}"
EndProject
Project("{FAE04EC0-301F-11D3-BF4B-00C04F79EFBC}") = "RentACar.Infrastructure.Tests", "RentACar.Infrastructure.Tests\RentACar.Infrastructure.Tests.csproj", "{5A8B6403-5D96-44F2-A42D-E0CC27EB2250}"
EndProject
Project("{FAE04EC0-301F-11D3-BF4B-00C04F79EFBC}") = "RentACar.Application.Tests", "RentACar.Application.Tests\RentACar.Application.Tests.csproj", "{9FF4AC3F-8AE1-45C7-BEDB-B5F877A66699}"
EndProject
Global
	GlobalSection(SolutionConfigurationPlatforms) = preSolution
		Debug|Any CPU = Debug|Any CPU
		Release|Any CPU = Release|Any CPU
	EndGlobalSection
	GlobalSection(ProjectConfigurationPlatforms) = postSolution
		{19D84521-6725-4454-A902-8F176B31B1AF}.Debug|Any CPU.ActiveCfg = Debug|Any CPU
		{19D84521-6725-4454-A902-8F176B31B1AF}.Debug|Any CPU.Build.0 = Debug|Any CPU
		{19D84521-6725-4454-A902-8F176B31B1AF}.Release|Any CPU.ActiveCfg = Release|Any CPU
		{19D84521-6725-4454-A902-8F176B31B1AF}.Release|Any CPU.Build.0 = Release|Any CPU
		{B54F5295-B891-428C-82AD-07A046D04114}.Debug|Any CPU.ActiveCfg = Debug|Any CPU
		{B54F5295-B891-428C-82AD-07A046D04114}.Debug|Any CPU.Build.0 = Debug|Any CPU
		{B54F5295-B891-428C-82AD-07A046D04114}.Release|Any CPU.ActiveCfg = Release|Any CPU
		{B54F5295-B891-428C-82AD-07A046D04114}.Release|Any CPU.Build.0 = Release|Any CPU
		{D93022D2-9BA6-422F-A588-B4845B9CD506}.Debug|Any CPU.ActiveCfg = Debug|Any CPU
		{D93022D2-9BA6-422F-A588-B4845B9CD506}.Debug|Any CPU.Build.0 = Debug|Any CPU
		{D93022D2-9BA6-422F-A588-B4845B9CD506}.Release|Any CPU.ActiveCfg = Release|Any CPU
		{D93022D2-9BA6-422F-A588-B4845B9CD506}.Release|Any CPU.Build.0 = Release|Any CPU
		{9D078328-6336-4D57-840B-8D201DCAC689}.Debug|Any CPU.ActiveCfg = Debug|Any CPU
		{9D078328-6336-4D57-840B-8D201DCAC689}.Debug|Any CPU.Build.0 = Debug|Any CPU
		{9D078328-6336-4D57-840B-8D201DCAC689}.Release|Any CPU.ActiveCfg = Release|Any CPU
		{9D078328-6336-4D57-840B-8D201DCAC689}.Release|Any CPU.Build.0 = Release|Any CPU
		{36BC10B8-B12D-47EE-8BF5-0CEDBB04A7B4}.Debug|Any CPU.ActiveCfg = Debug|Any CPU
		{36BC10B8-B12D-47EE-8BF5-0CEDBB04A7B4}.Debug|Any CPU.Build.0 = Debug|Any CPU
		{36BC10B8-B12D-47EE-8BF5-0CEDBB04A7B4}.Release|Any CPU.ActiveCfg = Release|Any CPU
		{36BC10B8-B12D-47EE-8BF5-0CEDBB04A7B4}.Release|Any CPU.Build.0 = Release|Any CPU
		{65B2F54C-DC73-46E9-A863-D76F1BB718EE}.Debug|Any CPU.ActiveCfg = Debug|Any CPU
		{65B2F54C-DC73-46E9-A863-D76F1BB718EE}.Debug|Any CPU.Build.0 = Debug|Any CPU
		{65B2F54C-DC73-46E9-A863-D76F1BB718EE}.Release|Any CPU.ActiveCfg = Release|Any CPU
		{65B2F54C-DC73-46E9-A863-D76F1BB718EE}.Release|Any CPU.Build.0 = Release|Any CPU
		{8CF28C20-9C78-4AC9-889C-75129BFEFDC5}.Debug|Any CPU.ActiveCfg = Debug|Any CPU
		{8CF28C20-9C78-4AC9-889C-75129BFEFDC5}.Debug|Any CPU.Build.0 = Debug|Any CPU
		{8CF28C20-9C78-4AC9-889C-75129BFEFDC5}.Release|Any CPU.ActiveCfg = Release|Any CPU
		{8CF28C20-9C78-4AC9-889C-75129BFEFDC5}.Release|Any CPU.Build.0 = Release|Any CPU
		{577538CD-77FF-4C89-AFB4-452473DC52A6}.Debug|Any CPU.ActiveCfg = Debug|Any CPU
		{577538CD-77FF-4C89-AFB4-452473DC52A6}.Debug|Any CPU.Build.0 = Debug|Any CPU
		{577538CD-77FF-4C89-AFB4-452473DC52A6}.Release|Any CPU.ActiveCfg = Release|Any CPU
		{577538CD-77FF-4C89-AFB4-452473DC52A6}.Release|Any CPU.Build.0 = Release|Any CPU
		{5A8B6403-5D96-44F2-A42D-E0CC27EB2250}.Debug|Any CPU.ActiveCfg = Debug|Any CPU
		{5A8B6403-5D96-44F2-A42D-E0CC27EB2250}.Debug|Any CPU.Build.0 = Debug|Any CPU
		{5A8B6403-5D96-44F2-A42D-E0CC27EB2250}.Release|Any CPU.ActiveCfg = Release|Any CPU
		{5A8B6403-5D96-44F2-A42D-E0CC27EB2250}.Release|Any CPU.Build.0 = Release|Any CPU
		{9FF4AC3F-8AE1-45C7-BEDB-B5F877A66699}.Debug|Any CPU.ActiveCfg = Debug|Any CPU
		{9FF4AC3F-8AE1-45C7-BEDB-B5F877A66699}.Debug|Any CPU.Build.0 = Debug|Any CPU
		{9FF4AC3F-8AE1-45C7-BEDB-B5F877A66699}.Release|Any CPU.ActiveCfg = Release|Any CPU
		{9FF4AC3F-8AE1-45C7-BEDB-B5F877A66699}.Release|Any CPU.Build.0 = Release|Any CPU
	EndGlobalSection
	GlobalSection(SolutionProperties) = preSolution
		HideSolutionNode = FALSE
	EndGlobalSection
	GlobalSection(NestedProjects) = preSolution
		{F01E61C7-86ED-4882-BC0B-0E69DC29301D} = {4F526A9A-A352-4243-B12B-176183CDDE5E}
		{19D84521-6725-4454-A902-8F176B31B1AF} = {F01E61C7-86ED-4882-BC0B-0E69DC29301D}
		{2EC628F3-FE0A-4B35-91C8-CEDE7896EB1E} = {4F526A9A-A352-4243-B12B-176183CDDE5E}
		{B54F5295-B891-428C-82AD-07A046D04114} = {2EC628F3-FE0A-4B35-91C8-CEDE7896EB1E}
		{B4E09B7B-7F57-49C2-8028-92DB636B5F1A} = {4F526A9A-A352-4243-B12B-176183CDDE5E}
		{D93022D2-9BA6-422F-A588-B4845B9CD506} = {B4E09B7B-7F57-49C2-8028-92DB636B5F1A}
		{9D078328-6336-4D57-840B-8D201DCAC689} = {F01E61C7-86ED-4882-BC0B-0E69DC29301D}
		{36BC10B8-B12D-47EE-8BF5-0CEDBB04A7B4} = {2EC628F3-FE0A-4B35-91C8-CEDE7896EB1E}
		{02EA681E-C7D8-13C7-8484-4AC65E1B71E8} = {4F526A9A-A352-4243-B12B-176183CDDE5E}
		{65B2F54C-DC73-46E9-A863-D76F1BB718EE} = {02EA681E-C7D8-13C7-8484-4AC65E1B71E8}
		{8CF28C20-9C78-4AC9-889C-75129BFEFDC5} = {2EC628F3-FE0A-4B35-91C8-CEDE7896EB1E}
		{577538CD-77FF-4C89-AFB4-452473DC52A6} = {B4E09B7B-7F57-49C2-8028-92DB636B5F1A}
		{5A8B6403-5D96-44F2-A42D-E0CC27EB2250} = {EEE2592A-EA5D-48D9-86BF-F8D5F503B638}
		{9FF4AC3F-8AE1-45C7-BEDB-B5F877A66699} = {EEE2592A-EA5D-48D9-86BF-F8D5F503B638}
	EndGlobalSection
	GlobalSection(ExtensibilityGlobals) = postSolution
		SolutionGuid = {8E25034C-3B9E-4540-842E-3CC86831538C}
	EndGlobalSection
EndGlobal
